
Microsoft Visual Studio Solution File, Format Version 12.00
# Visual Studio Version 16
VisualStudioVersion = 16.0.30907.101
MinimumVisualStudioVersion = 10.0.40219.1
Project("{FAE04EC0-301F-11D3-BF4B-00C04F79EFBC}") = "dz02.02.2021", "dz02.02.2021\dz02.02.2021.csproj", "{18352EC5-E247-4520-9583-23947E8281A9}"
EndProject
Global
	GlobalSection(SolutionConfigurationPlatforms) = preSolution
		Debug|Any CPU = Debug|Any CPU
		Release|Any CPU = Release|Any CPU
	EndGlobalSection
	GlobalSection(ProjectConfigurationPlatforms) = postSolution
		{18352EC5-E247-4520-9583-23947E8281A9}.Debug|Any CPU.ActiveCfg = Debug|Any CPU
		{18352EC5-E247-4520-9583-23947E8281A9}.Debug|Any CPU.Build.0 = Debug|Any CPU
		{18352EC5-E247-4520-9583-23947E8281A9}.Release|Any CPU.ActiveCfg = Release|Any CPU
		{18352EC5-E247-4520-9583-23947E8281A9}.Release|Any CPU.Build.0 = Release|Any CPU
	EndGlobalSection
	GlobalSection(SolutionProperties) = preSolution
		HideSolutionNode = FALSE
	EndGlobalSection
	GlobalSection(ExtensibilityGlobals) = postSolution
		SolutionGuid = {0C5550E3-BA72-4DB1-8532-09F36017F7EA}
	EndGlobalSection
EndGlobal
